
Microsoft Visual Studio Solution File, Format Version 12.00
# Visual Studio Version 16
VisualStudioVersion = 16.0.29709.97
MinimumVisualStudioVersion = 10.0.40219.1
Project("{9A19103F-16F7-4668-BE54-9A1E7A4F7556}") = "HotelsApp", "HotelsApp\HotelsApp.csproj", "{C0D9BB56-FEE7-4437-8E50-FE1447482CDF}"
EndProject
Project("{FAE04EC0-301F-11D3-BF4B-00C04F79EFBC}") = "HotelsApp.Tests", "HotelsApp.Tests\HotelsApp.Tests.csproj", "{7A6A61FB-477D-4E8F-BAA6-39D45EA9F8E4}"
EndProject
Global
	GlobalSection(SolutionConfigurationPlatforms) = preSolution
		Debug|Any CPU = Debug|Any CPU
		Release|Any CPU = Release|Any CPU
	EndGlobalSection
	GlobalSection(ProjectConfigurationPlatforms) = postSolution
		{C0D9BB56-FEE7-4437-8E50-FE1447482CDF}.Debug|Any CPU.ActiveCfg = Debug|Any CPU
		{C0D9BB56-FEE7-4437-8E50-FE1447482CDF}.Debug|Any CPU.Build.0 = Debug|Any CPU
		{C0D9BB56-FEE7-4437-8E50-FE1447482CDF}.Release|Any CPU.ActiveCfg = Release|Any CPU
		{C0D9BB56-FEE7-4437-8E50-FE1447482CDF}.Release|Any CPU.Build.0 = Release|Any CPU
		{7A6A61FB-477D-4E8F-BAA6-39D45EA9F8E4}.Debug|Any CPU.ActiveCfg = Debug|Any CPU
		{7A6A61FB-477D-4E8F-BAA6-39D45EA9F8E4}.Debug|Any CPU.Build.0 = Debug|Any CPU
		{7A6A61FB-477D-4E8F-BAA6-39D45EA9F8E4}.Release|Any CPU.ActiveCfg = Release|Any CPU
		{7A6A61FB-477D-4E8F-BAA6-39D45EA9F8E4}.Release|Any CPU.Build.0 = Release|Any CPU
	EndGlobalSection
	GlobalSection(SolutionProperties) = preSolution
		HideSolutionNode = FALSE
	EndGlobalSection
	GlobalSection(ExtensibilityGlobals) = postSolution
		SolutionGuid = {EFCCB658-367E-4132-9A2B-6E19DDB90EC4}
	EndGlobalSection
EndGlobal
